Microsoft Visual Studio Solution File, Format Version 11.00
# Visual Studio 2008

Project("{F5BD2DA1-F8ED-35CA-C318-51C7F5197482}") = "UnityCode", "Assembly-CSharp-firstpass.csproj", "{7D5BC924-753D-A59A-17A8-A985A5E18110}"
EndProject
Project("{F5BD2DA1-F8ED-35CA-C318-51C7F5197482}") = "UnityCode", "Assembly-CSharp.csproj", "{92FFD4F4-31E4-38D8-CD9B-288A6657C8E1}"
EndProject
Project("{F5BD2DA1-F8ED-35CA-C318-51C7F5197482}") = "UnityCode", "Assembly-UnityScript-firstpass.unityproj", "{7DC5D855-CA9D-9BA6-070E-DF4FFACD5004}"
EndProject
Project("{F5BD2DA1-F8ED-35CA-C318-51C7F5197482}") = "UnityCode", "Assembly-UnityScript.unityproj", "{8E415F41-2E21-0D7A-842A-2B0798CDDB79}"
EndProject
Global
	GlobalSection(SolutionConfigurationPlatforms) = preSolution
		Debug|Any CPU = Debug|Any CPU
		Release|Any CPU = Release|Any CPU
	EndGlobalSection
	GlobalSection(ProjectConfigurationPlatforms) = postSolution
		{7D5BC924-753D-A59A-17A8-A985A5E18110}.Debug|Any CPU.ActiveCfg = Debug|Any CPU
		{7D5BC924-753D-A59A-17A8-A985A5E18110}.Debug|Any CPU.Build.0 = Debug|Any CPU
		{7D5BC924-753D-A59A-17A8-A985A5E18110}.Release|Any CPU.ActiveCfg = Release|Any CPU
		{7D5BC924-753D-A59A-17A8-A985A5E18110}.Release|Any CPU.Build.0 = Release|Any CPU
		{92FFD4F4-31E4-38D8-CD9B-288A6657C8E1}.Debug|Any CPU.ActiveCfg = Debug|Any CPU
		{92FFD4F4-31E4-38D8-CD9B-288A6657C8E1}.Debug|Any CPU.Build.0 = Debug|Any CPU
		{92FFD4F4-31E4-38D8-CD9B-288A6657C8E1}.Release|Any CPU.ActiveCfg = Release|Any CPU
		{92FFD4F4-31E4-38D8-CD9B-288A6657C8E1}.Release|Any CPU.Build.0 = Release|Any CPU
		{7DC5D855-CA9D-9BA6-070E-DF4FFACD5004}.Debug|Any CPU.ActiveCfg = Debug|Any CPU
		{7DC5D855-CA9D-9BA6-070E-DF4FFACD5004}.Debug|Any CPU.Build.0 = Debug|Any CPU
		{7DC5D855-CA9D-9BA6-070E-DF4FFACD5004}.Release|Any CPU.ActiveCfg = Release|Any CPU
		{7DC5D855-CA9D-9BA6-070E-DF4FFACD5004}.Release|Any CPU.Build.0 = Release|Any CPU
		{8E415F41-2E21-0D7A-842A-2B0798CDDB79}.Debug|Any CPU.ActiveCfg = Debug|Any CPU
		{8E415F41-2E21-0D7A-842A-2B0798CDDB79}.Debug|Any CPU.Build.0 = Debug|Any CPU
		{8E415F41-2E21-0D7A-842A-2B0798CDDB79}.Release|Any CPU.ActiveCfg = Release|Any CPU
		{8E415F41-2E21-0D7A-842A-2B0798CDDB79}.Release|Any CPU.Build.0 = Release|Any CPU
	EndGlobalSection
	GlobalSection(SolutionProperties) = preSolution
		HideSolutionNode = FALSE
	EndGlobalSection
					GlobalSection(MonoDevelopProperties) = preSolution
		StartupItem = Assembly-CSharp.csproj
		Policies = $0
		$0.TextStylePolicy = $1
		$1.inheritsSet = null
		$1.scope = text/x-csharp
		$0.CSharpFormattingPolicy = $2
		$2.inheritsSet = Mono
		$2.inheritsScope = text/x-csharp
		$2.scope = text/x-csharp
		$0.TextStylePolicy = $3
		$3.FileWidth = 120
		$3.TabWidth = 4
		$3.IndentWidth = 4
		$3.EolMarker = Unix
		$3.inheritsSet = Mono
		$3.inheritsScope = text/plain
		$3.scope = text/plain
	EndGlobalSection

EndGlobal
